
Microsoft Visual Studio Solution File, Format Version 12.00
# Visual Studio 2013
VisualStudioVersion = 12.0.31101.0
MinimumVisualStudioVersion = 10.0.40219.1
Project("{FAE04EC0-301F-11D3-BF4B-00C04F79EFBC}") = "TORNEOS.Data", "TORNEOS.Data\TORNEOS.Data.csproj", "{BA9F6C47-E337-44F3-9BB7-3213B79BF2CC}"
EndProject
Project("{FAE04EC0-301F-11D3-BF4B-00C04F79EFBC}") = "TORNEOS.Core", "TORNEOS.Core\TORNEOS.Core.csproj", "{61C19FD4-E718-42B1-8B8D-53E6CCF19BB2}"
EndProject
Project("{FAE04EC0-301F-11D3-BF4B-00C04F79EFBC}") = "TORNEOS.Model", "TORNEOS.Model\TORNEOS.Model.csproj", "{F996D24B-249E-4FE9-962A-E6E1CBF5B241}"
EndProject
Project("{FAE04EC0-301F-11D3-BF4B-00C04F79EFBC}") = "TORNEOS.Domain", "TORNEOS.Domain\TORNEOS.Domain.csproj", "{6E77BFD3-76A6-4D30-A4B8-70A852FF101E}"
EndProject
Project("{FAE04EC0-301F-11D3-BF4B-00C04F79EFBC}") = "TORNEOS.Web", "TORNEOS.Web\TORNEOS.Web.csproj", "{09C2C9E0-8F09-4063-948C-E8C736F1E441}"
EndProject
Project("{FAE04EC0-301F-11D3-BF4B-00C04F79EFBC}") = "TORNEOS.Web.Tests", "TORNEOS.Web.Tests\TORNEOS.Web.Tests.csproj", "{D2FD5581-1B2B-41E6-B5C0-74311C1C88A4}"
EndProject
Global
	GlobalSection(SolutionConfigurationPlatforms) = preSolution
		Debug|Any CPU = Debug|Any CPU
		Release|Any CPU = Release|Any CPU
	EndGlobalSection
	GlobalSection(ProjectConfigurationPlatforms) = postSolution
		{BA9F6C47-E337-44F3-9BB7-3213B79BF2CC}.Debug|Any CPU.ActiveCfg = Debug|Any CPU
		{BA9F6C47-E337-44F3-9BB7-3213B79BF2CC}.Debug|Any CPU.Build.0 = Debug|Any CPU
		{BA9F6C47-E337-44F3-9BB7-3213B79BF2CC}.Release|Any CPU.ActiveCfg = Release|Any CPU
		{BA9F6C47-E337-44F3-9BB7-3213B79BF2CC}.Release|Any CPU.Build.0 = Release|Any CPU
		{61C19FD4-E718-42B1-8B8D-53E6CCF19BB2}.Debug|Any CPU.ActiveCfg = Debug|Any CPU
		{61C19FD4-E718-42B1-8B8D-53E6CCF19BB2}.Debug|Any CPU.Build.0 = Debug|Any CPU
		{61C19FD4-E718-42B1-8B8D-53E6CCF19BB2}.Release|Any CPU.ActiveCfg = Release|Any CPU
		{61C19FD4-E718-42B1-8B8D-53E6CCF19BB2}.Release|Any CPU.Build.0 = Release|Any CPU
		{F996D24B-249E-4FE9-962A-E6E1CBF5B241}.Debug|Any CPU.ActiveCfg = Debug|Any CPU
		{F996D24B-249E-4FE9-962A-E6E1CBF5B241}.Debug|Any CPU.Build.0 = Debug|Any CPU
		{F996D24B-249E-4FE9-962A-E6E1CBF5B241}.Release|Any CPU.ActiveCfg = Release|Any CPU
		{F996D24B-249E-4FE9-962A-E6E1CBF5B241}.Release|Any CPU.Build.0 = Release|Any CPU
		{6E77BFD3-76A6-4D30-A4B8-70A852FF101E}.Debug|Any CPU.ActiveCfg = Debug|Any CPU
		{6E77BFD3-76A6-4D30-A4B8-70A852FF101E}.Debug|Any CPU.Build.0 = Debug|Any CPU
		{6E77BFD3-76A6-4D30-A4B8-70A852FF101E}.Release|Any CPU.ActiveCfg = Release|Any CPU
		{6E77BFD3-76A6-4D30-A4B8-70A852FF101E}.Release|Any CPU.Build.0 = Release|Any CPU
		{09C2C9E0-8F09-4063-948C-E8C736F1E441}.Debug|Any CPU.ActiveCfg = Debug|Any CPU
		{09C2C9E0-8F09-4063-948C-E8C736F1E441}.Debug|Any CPU.Build.0 = Debug|Any CPU
		{09C2C9E0-8F09-4063-948C-E8C736F1E441}.Release|Any CPU.ActiveCfg = Release|Any CPU
		{09C2C9E0-8F09-4063-948C-E8C736F1E441}.Release|Any CPU.Build.0 = Release|Any CPU
		{D2FD5581-1B2B-41E6-B5C0-74311C1C88A4}.Debug|Any CPU.ActiveCfg = Debug|Any CPU
		{D2FD5581-1B2B-41E6-B5C0-74311C1C88A4}.Debug|Any CPU.Build.0 = Debug|Any CPU
		{D2FD5581-1B2B-41E6-B5C0-74311C1C88A4}.Release|Any CPU.ActiveCfg = Release|Any CPU
		{D2FD5581-1B2B-41E6-B5C0-74311C1C88A4}.Release|Any CPU.Build.0 = Release|Any CPU
	EndGlobalSection
	GlobalSection(SolutionProperties) = preSolution
		HideSolutionNode = FALSE
	EndGlobalSection
EndGlobal
